{
  "name": "venuescraper",
  "version": "1.0.0",
  "lockfileVersion": 2,
  "requires": true,
  "packages": {
    "": {
      "name": "venuescraper",
      "version": "1.0.0",
      "license": "ISC",
      "dependencies": {
        "dotenv": "^10.0.0",
        "tzwhere": "^1.0.1",
        "uuid": "^8.3.2",
        "yelp-fusion": "^3.0.0"
      }
    },
    "node_modules/@tonybadguy/call-me-maybe": {
      "version": "2.1.1",
      "resolved": "https://registry.npmjs.org/@tonybadguy/call-me-maybe/-/call-me-maybe-2.1.1.tgz",
      "integrity": "sha512-Gc7G5o5Wd5I0d3ohzoZmqb1Jowr8sGURcFmGsoqiPk2ydFjwtYXRQTb4eYoJ1dZqdBlQGHRmL5mmbiMm4Kl2/w==",
      "dependencies": {
        "caseless": "^0.11.0",
        "error": "^7.0.2",
        "small-request": "^2.1.0",
        "string-template": "^1.0.0"
      }
    },
    "node_modules/caseless": {
      "version": "0.11.0",
      "resolved": "https://registry.npmjs.org/caseless/-/caseless-0.11.0.tgz",
      "integrity": "sha1-cVuW6phBWTzDMGeSP17GDr2k99c="
    },
    "node_modules/dotenv": {
      "version": "10.0.0",
      "resolved": "https://registry.npmjs.org/dotenv/-/dotenv-10.0.0.tgz",
      "integrity": "sha512-rlBi9d8jpv9Sf1klPjNfFAuWDjKLwTIJJ/VxtoTwIR6hnZxcEOQCZg2oIL3MWBYw5GpUDKOEnND7LXTbIpQ03Q==",
      "engines": {
        "node": ">=10"
      }
    },
    "node_modules/error": {
      "version": "7.2.1",
      "resolved": "https://registry.npmjs.org/error/-/error-7.2.1.tgz",
      "integrity": "sha512-fo9HBvWnx3NGUKMvMwB/CBCMMrfEJgbDTVDEkPygA3Bdd3lM1OyCd+rbQ8BwnpF6GdVeOLDNmyL4N5Bg80ZvdA==",
      "dependencies": {
        "string-template": "~0.2.1"
      }
    },
    "node_modules/error/node_modules/string-template": {
      "version": "0.2.1",
      "resolved": "https://registry.npmjs.org/string-template/-/string-template-0.2.1.tgz",
      "integrity": "sha1-QpMuWYo1LQH8IuwzZ9nYTuxsmt0="
    },
    "node_modules/geolib": {
      "version": "1.2.5",
      "resolved": "https://registry.npmjs.org/geolib/-/geolib-1.2.5.tgz",
      "integrity": "sha1-+vwCrdiV4A9fH2YWPddsePdC05Q=",
      "bin": {
        "geolib": "geolib.js"
      }
    },
    "node_modules/request-function": {
      "version": "2.0.0",
      "resolved": "https://registry.npmjs.org/request-function/-/request-function-2.0.0.tgz",
      "integrity": "sha1-J6rOJ/hx48L9SKGdrXXKOExLhlQ=",
      "dependencies": {
        "error": "^7.0.2"
      }
    },
    "node_modules/simplesets": {
      "version": "1.2.0",
      "resolved": "https://registry.npmjs.org/simplesets/-/simplesets-1.2.0.tgz",
      "integrity": "sha1-gUs3HaV39ZeIsoS25/x2Ur9/Sxk=",
      "engines": {
        "node": "*"
      }
    },
    "node_modules/small-request": {
      "version": "2.1.0",
      "resolved": "https://registry.npmjs.org/small-request/-/small-request-2.1.0.tgz",
      "integrity": "sha512-tQlteNci7wsIsmt7KoyZj0izeuY718NBeKVhJdWxTmQHKsJp4INUhWLTJ000EzNu9p41TqbGPOrSl0wroK581Q==",
      "dependencies": {
        "request-function": "^2.0.0"
      }
    },
    "node_modules/string-template": {
      "version": "1.0.0",
      "resolved": "https://registry.npmjs.org/string-template/-/string-template-1.0.0.tgz",
      "integrity": "sha1-np8iM9wA8hhxjsN5oopWc+zKi5Y="
    },
    "node_modules/timezone": {
      "version": "0.0.48",
      "resolved": "https://registry.npmjs.org/timezone/-/timezone-0.0.48.tgz",
      "integrity": "sha1-cYA82LarG2RUBDMMDLj4SqIlPCI="
    },
    "node_modules/tzwhere": {
      "version": "1.0.1",
      "resolved": "https://registry.npmjs.org/tzwhere/-/tzwhere-1.0.1.tgz",
      "integrity": "sha512-IZCgT2GKNEtGbPLFF36gJALKMnr+v5QX6zncys8s8gpcul/PoNInEnQmmPHbuzsfrIyTS+YkIjace7yiYHBY9g==",
      "dependencies": {
        "geolib": "1.2.5",
        "simplesets": "1.2.0",
        "timezone": "0.0.48"
      },
      "engines": {
        "node": ">= 0.6"
      }
    },
    "node_modules/uuid": {
      "version": "8.3.2",
      "resolved": "https://registry.npmjs.org/uuid/-/uuid-8.3.2.tgz",
      "integrity": "sha512-+NYs2QeMWy+GWFOEm9xnn6HCDp0l7QBD7ml8zLUmJ+93Q5NF0NocErnwkTkXVFNiX3/fpC6afS8Dhb/gz7R7eg==",
      "bin": {
        "uuid": "dist/bin/uuid"
      }
    },
    "node_modules/yelp-fusion": {
      "version": "3.0.0",
      "resolved": "https://registry.npmjs.org/yelp-fusion/-/yelp-fusion-3.0.0.tgz",
      "integrity": "sha512-Os4A0+v980W8sm4kurUpK4E0FMS5hvtA0//g7Jb9QI2gS7WfX/1Zw12S792LKt3YM/qJNow7XIR2g3bONlX/fg==",
      "dependencies": {
        "@tonybadguy/call-me-maybe": "^2.1.1"
      }
    }
  },
  "dependencies": {
    "@tonybadguy/call-me-maybe": {
      "version": "2.1.1",
      "resolved": "https://registry.npmjs.org/@tonybadguy/call-me-maybe/-/call-me-maybe-2.1.1.tgz",
      "integrity": "sha512-Gc7G5o5Wd5I0d3ohzoZmqb1Jowr8sGURcFmGsoqiPk2ydFjwtYXRQTb4eYoJ1dZqdBlQGHRmL5mmbiMm4Kl2/w==",
      "requires": {
        "caseless": "^0.11.0",
        "error": "^7.0.2",
        "small-request": "^2.1.0",
        "string-template": "^1.0.0"
      }
    },
    "caseless": {
      "version": "0.11.0",
      "resolved": "https://registry.npmjs.org/caseless/-/caseless-0.11.0.tgz",
      "integrity": "sha1-cVuW6phBWTzDMGeSP17GDr2k99c="
    },
    "dotenv": {
      "version": "10.0.0",
      "resolved": "https://registry.npmjs.org/dotenv/-/dotenv-10.0.0.tgz",
      "integrity": "sha512-rlBi9d8jpv9Sf1klPjNfFAuWDjKLwTIJJ/VxtoTwIR6hnZxcEOQCZg2oIL3MWBYw5GpUDKOEnND7LXTbIpQ03Q=="
    },
    "error": {
      "version": "7.2.1",
      "resolved": "https://registry.npmjs.org/error/-/error-7.2.1.tgz",
      "integrity": "sha512-fo9HBvWnx3NGUKMvMwB/CBCMMrfEJgbDTVDEkPygA3Bdd3lM1OyCd+rbQ8BwnpF6GdVeOLDNmyL4N5Bg80ZvdA==",
      "requires": {
        "string-template": "~0.2.1"
      },
      "dependencies": {
        "string-template": {
          "version": "0.2.1",
          "resolved": "https://registry.npmjs.org/string-template/-/string-template-0.2.1.tgz",
          "integrity": "sha1-QpMuWYo1LQH8IuwzZ9nYTuxsmt0="
        }
      }
    },
    "geolib": {
      "version": "1.2.5",
      "resolved": "https://registry.npmjs.org/geolib/-/geolib-1.2.5.tgz",
      "integrity": "sha1-+vwCrdiV4A9fH2YWPddsePdC05Q="
    },
    "request-function": {
      "version": "2.0.0",
      "resolved": "https://registry.npmjs.org/request-function/-/request-function-2.0.0.tgz",
      "integrity": "sha1-J6rOJ/hx48L9SKGdrXXKOExLhlQ=",
      "requires": {
        "error": "^7.0.2"
      }
    },
    "simplesets": {
      "version": "1.2.0",
      "resolved": "https://registry.npmjs.org/simplesets/-/simplesets-1.2.0.tgz",
      "integrity": "sha1-gUs3HaV39ZeIsoS25/x2Ur9/Sxk="
    },
    "small-request": {
      "version": "2.1.0",
      "resolved": "https://registry.npmjs.org/small-request/-/small-request-2.1.0.tgz",
      "integrity": "sha512-tQlteNci7wsIsmt7KoyZj0izeuY718NBeKVhJdWxTmQHKsJp4INUhWLTJ000EzNu9p41TqbGPOrSl0wroK581Q==",
      "requires": {
        "request-function": "^2.0.0"
      }
    },
    "string-template": {
      "version": "1.0.0",
      "resolved": "https://registry.npmjs.org/string-template/-/string-template-1.0.0.tgz",
      "integrity": "sha1-np8iM9wA8hhxjsN5oopWc+zKi5Y="
    },
    "timezone": {
      "version": "0.0.48",
      "resolved": "https://registry.npmjs.org/timezone/-/timezone-0.0.48.tgz",
      "integrity": "sha1-cYA82LarG2RUBDMMDLj4SqIlPCI="
    },
    "tzwhere": {
      "version": "1.0.1",
      "resolved": "https://registry.npmjs.org/tzwhere/-/tzwhere-1.0.1.tgz",
      "integrity": "sha512-IZCgT2GKNEtGbPLFF36gJALKMnr+v5QX6zncys8s8gpcul/PoNInEnQmmPHbuzsfrIyTS+YkIjace7yiYHBY9g==",
      "requires": {
        "geolib": "1.2.5",
        "simplesets": "1.2.0",
        "timezone": "0.0.48"
      }
    },
    "uuid": {
      "version": "8.3.2",
      "resolved": "https://registry.npmjs.org/uuid/-/uuid-8.3.2.tgz",
      "integrity": "sha512-+NYs2QeMWy+GWFOEm9xnn6HCDp0l7QBD7ml8zLUmJ+93Q5NF0NocErnwkTkXVFNiX3/fpC6afS8Dhb/gz7R7eg=="
    },
    "yelp-fusion": {
      "version": "3.0.0",
      "resolved": "https://registry.npmjs.org/yelp-fusion/-/yelp-fusion-3.0.0.tgz",
      "integrity": "sha512-Os4A0+v980W8sm4kurUpK4E0FMS5hvtA0//g7Jb9QI2gS7WfX/1Zw12S792LKt3YM/qJNow7XIR2g3bONlX/fg==",
      "requires": {
        "@tonybadguy/call-me-maybe": "^2.1.1"
      }
    }
  }
}
